
Microsoft Visual Studio Solution File, Format Version 12.00
# Visual Studio Version 17
VisualStudioVersion = 17.11.35327.3
MinimumVisualStudioVersion = 10.0.40219.1
Project("{FAE04EC0-301F-11D3-BF4B-00C04F79EFBC}") = "Wall Paper changer", "Wall Paper changer\Wall Paper changer.csproj", "{DD2DE49A-E398-4E41-B430-9BB1C82404CE}"
EndProject
Global
	GlobalSection(SolutionConfigurationPlatforms) = preSolution
		Debug|Any CPU = Debug|Any CPU
		Release|Any CPU = Release|Any CPU
	EndGlobalSection
	GlobalSection(ProjectConfigurationPlatforms) = postSolution
		{DD2DE49A-E398-4E41-B430-9BB1C82404CE}.Debug|Any CPU.ActiveCfg = Debug|Any CPU
		{DD2DE49A-E398-4E41-B430-9BB1C82404CE}.Debug|Any CPU.Build.0 = Debug|Any CPU
		{DD2DE49A-E398-4E41-B430-9BB1C82404CE}.Release|Any CPU.ActiveCfg = Release|Any CPU
		{DD2DE49A-E398-4E41-B430-9BB1C82404CE}.Release|Any CPU.Build.0 = Release|Any CPU
	EndGlobalSection
	GlobalSection(SolutionProperties) = preSolution
		HideSolutionNode = FALSE
	EndGlobalSection
	GlobalSection(ExtensibilityGlobals) = postSolution
		SolutionGuid = {ED03F364-E9B9-4E70-8D9E-A5B75BEF2B13}
	EndGlobalSection
EndGlobal
